
Microsoft Visual Studio Solution File, Format Version 12.00
# Visual Studio Version 17
VisualStudioVersion = 17.1.32210.238
MinimumVisualStudioVersion = 10.0.40219.1
Project("{9A19103F-16F7-4668-BE54-9A1E7A4F7556}") = "IINACT", "IINACT\IINACT.csproj", "{260F5F39-62F5-40B6-B2B5-5FCE80363DA7}"
EndProject
Project("{9A19103F-16F7-4668-BE54-9A1E7A4F7556}") = "NotACT", "NotACT\NotACT.csproj", "{0DCFADA7-DBF4-476E-9B15-5C5DE32DCBA6}"
EndProject
Project("{9A19103F-16F7-4668-BE54-9A1E7A4F7556}") = "OverlayPlugin.Common", "OverlayPlugin.Common\OverlayPlugin.Common.csproj", "{423FCBFC-DD3B-415F-BE29-7A4A46614B79}"
EndProject
Project("{9A19103F-16F7-4668-BE54-9A1E7A4F7556}") = "OverlayPlugin.Core", "OverlayPlugin.Core\OverlayPlugin.Core.csproj", "{DD6D2A9A-4AD4-47B8-A1D0-C8608EA37092}"
EndProject
Project("{9A19103F-16F7-4668-BE54-9A1E7A4F7556}") = "FetchDependencies", "FetchDependencies\FetchDependencies.csproj", "{4EDF0EAF-0BC8-40CB-A2D1-F4A207770002}"
EndProject
Project("{9A19103F-16F7-4668-BE54-9A1E7A4F7556}") = "Machina", "machina\Machina\Machina.csproj", "{38F9CA44-D795-4F78-8DFC-5D555CDEC4F5}"
EndProject
Project("{9A19103F-16F7-4668-BE54-9A1E7A4F7556}") = "Machina.FFXIV", "machina\Machina.FFXIV\Machina.FFXIV.csproj", "{1AAD30B3-55ED-4C10-94BF-41889B6BD44A}"
EndProject
Project("{FAE04EC0-301F-11D3-BF4B-00C04F79EFBC}") = "EdgeTTS", "EdgeTTS\EdgeTTS.csproj", "{BB017420-51D4-F934-C0CB-CFA471B943AC}"
EndProject
Project("{FAE04EC0-301F-11D3-BF4B-00C04F79EFBC}") = "TriggernometryPlugin", "Triggernometry\Source\Triggernometry\TriggernometryPlugin.csproj", "{CA86FD05-FB30-4923-BB27-638CA9CBAFCD}"
EndProject
Project("{FAE04EC0-301F-11D3-BF4B-00C04F79EFBC}") = "TrnDevEnv", "TrnDevEnv\TrnDevEnv.csproj", "{44635E6A-679D-4934-8A79-E69A54A3960D}"
EndProject
Project("{FAE04EC0-301F-11D3-BF4B-00C04F79EFBC}") = "PostNamazu", "PostNamazu\PostNamazu\PostNamazu.csproj", "{FF19B754-4077-4CFF-B4CB-C9D107B19D87}"
EndProject
Project("{FAE04EC0-301F-11D3-BF4B-00C04F79EFBC}") = "PostNamazu.OverlayHoster", "PostNamazu\PostNamazu.OverlayHoster\PostNamazu.OverlayHoster.csproj", "{43FA2FEE-3E77-4C22-9456-4820B6F13771}"
EndProject
Project("{FAE04EC0-301F-11D3-BF4B-00C04F79EFBC}") = "PostNamazu.TriggerHoster", "PostNamazu\PostNamazu.TriggerHoster\PostNamazu.TriggerHoster.csproj", "{B1EA11DF-EA44-400F-A749-2C8E301329FE}"
EndProject
Project("{FAE04EC0-301F-11D3-BF4B-00C04F79EFBC}") = "LatihasTTS", "LatihasTTS\LatihasTTS.csproj", "{EC2334CC-E42D-49D4-919B-74674598162B}"
EndProject
Project("{FAE04EC0-301F-11D3-BF4B-00C04F79EFBC}") = "Unscrambler", "Unscrambler\Unscrambler\Unscrambler.csproj", "{A3F9F8AF-A1E3-4B94-A8B8-ADA503E86AE6}"
EndProject
Project("{FAE04EC0-301F-11D3-BF4B-00C04F79EFBC}") = "Unscrambler.DataGenerator", "Unscrambler\Unscrambler.DataGenerator\Unscrambler.DataGenerator.csproj", "{27E4BF68-B8BD-4F61-86A3-ADEAA1FC88C3}"
EndProject
Global
	GlobalSection(SolutionConfigurationPlatforms) = preSolution
		Debug|Any CPU = Debug|Any CPU
		Release|Any CPU = Release|Any CPU
	EndGlobalSection
	GlobalSection(ProjectConfigurationPlatforms) = postSolution
		{260F5F39-62F5-40B6-B2B5-5FCE80363DA7}.Debug|Any CPU.ActiveCfg = Debug|Any CPU
		{260F5F39-62F5-40B6-B2B5-5FCE80363DA7}.Debug|Any CPU.Build.0 = Debug|Any CPU
		{260F5F39-62F5-40B6-B2B5-5FCE80363DA7}.Release|Any CPU.ActiveCfg = Release|Any CPU
		{260F5F39-62F5-40B6-B2B5-5FCE80363DA7}.Release|Any CPU.Build.0 = Release|Any CPU
		{0DCFADA7-DBF4-476E-9B15-5C5DE32DCBA6}.Debug|Any CPU.ActiveCfg = Debug|Any CPU
		{0DCFADA7-DBF4-476E-9B15-5C5DE32DCBA6}.Debug|Any CPU.Build.0 = Debug|Any CPU
		{0DCFADA7-DBF4-476E-9B15-5C5DE32DCBA6}.Release|Any CPU.ActiveCfg = Release|Any CPU
		{0DCFADA7-DBF4-476E-9B15-5C5DE32DCBA6}.Release|Any CPU.Build.0 = Release|Any CPU
		{423FCBFC-DD3B-415F-BE29-7A4A46614B79}.Debug|Any CPU.ActiveCfg = Debug|Any CPU
		{423FCBFC-DD3B-415F-BE29-7A4A46614B79}.Debug|Any CPU.Build.0 = Debug|Any CPU
		{423FCBFC-DD3B-415F-BE29-7A4A46614B79}.Release|Any CPU.ActiveCfg = Release|Any CPU
		{423FCBFC-DD3B-415F-BE29-7A4A46614B79}.Release|Any CPU.Build.0 = Release|Any CPU
		{DD6D2A9A-4AD4-47B8-A1D0-C8608EA37092}.Debug|Any CPU.ActiveCfg = Debug|Any CPU
		{DD6D2A9A-4AD4-47B8-A1D0-C8608EA37092}.Debug|Any CPU.Build.0 = Debug|Any CPU
		{DD6D2A9A-4AD4-47B8-A1D0-C8608EA37092}.Release|Any CPU.ActiveCfg = Release|Any CPU
		{DD6D2A9A-4AD4-47B8-A1D0-C8608EA37092}.Release|Any CPU.Build.0 = Release|Any CPU
		{4EDF0EAF-0BC8-40CB-A2D1-F4A207770002}.Release|Any CPU.ActiveCfg = Release|Any CPU
		{4EDF0EAF-0BC8-40CB-A2D1-F4A207770002}.Release|Any CPU.Build.0 = Release|Any CPU
		{4EDF0EAF-0BC8-40CB-A2D1-F4A207770002}.Debug|Any CPU.ActiveCfg = Debug|Any CPU
		{4EDF0EAF-0BC8-40CB-A2D1-F4A207770002}.Debug|Any CPU.Build.0 = Debug|Any CPU
		{38F9CA44-D795-4F78-8DFC-5D555CDEC4F5}.Debug|Any CPU.ActiveCfg = Debug|Any CPU
		{38F9CA44-D795-4F78-8DFC-5D555CDEC4F5}.Debug|Any CPU.Build.0 = Debug|Any CPU
		{38F9CA44-D795-4F78-8DFC-5D555CDEC4F5}.Release|Any CPU.ActiveCfg = Release|Any CPU
		{38F9CA44-D795-4F78-8DFC-5D555CDEC4F5}.Release|Any CPU.Build.0 = Release|Any CPU
		{1AAD30B3-55ED-4C10-94BF-41889B6BD44A}.Debug|Any CPU.ActiveCfg = Debug|Any CPU
		{1AAD30B3-55ED-4C10-94BF-41889B6BD44A}.Debug|Any CPU.Build.0 = Debug|Any CPU
		{1AAD30B3-55ED-4C10-94BF-41889B6BD44A}.Release|Any CPU.ActiveCfg = Release|Any CPU
		{1AAD30B3-55ED-4C10-94BF-41889B6BD44A}.Release|Any CPU.Build.0 = Release|Any CPU
		{BB017420-51D4-F934-C0CB-CFA471B943AC}.Release|Any CPU.ActiveCfg = Release|Any CPU
		{BB017420-51D4-F934-C0CB-CFA471B943AC}.Release|Any CPU.Build.0 = Release|Any CPU
		{BB017420-51D4-F934-C0CB-CFA471B943AC}.Debug|Any CPU.ActiveCfg = Debug|Any CPU
		{BB017420-51D4-F934-C0CB-CFA471B943AC}.Debug|Any CPU.Build.0 = Debug|Any CPU
		{CA86FD05-FB30-4923-BB27-638CA9CBAFCD}.Debug|Any CPU.ActiveCfg = Debug|Any CPU
		{CA86FD05-FB30-4923-BB27-638CA9CBAFCD}.Debug|Any CPU.Build.0 = Debug|Any CPU
		{CA86FD05-FB30-4923-BB27-638CA9CBAFCD}.Release|Any CPU.ActiveCfg = Release|Any CPU
		{CA86FD05-FB30-4923-BB27-638CA9CBAFCD}.Release|Any CPU.Build.0 = Release|Any CPU
		{44635E6A-679D-4934-8A79-E69A54A3960D}.Debug|Any CPU.ActiveCfg = Debug|Any CPU
		{44635E6A-679D-4934-8A79-E69A54A3960D}.Debug|Any CPU.Build.0 = Debug|Any CPU
		{44635E6A-679D-4934-8A79-E69A54A3960D}.Release|Any CPU.ActiveCfg = Release|Any CPU
		{44635E6A-679D-4934-8A79-E69A54A3960D}.Release|Any CPU.Build.0 = Release|Any CPU
		{FF19B754-4077-4CFF-B4CB-C9D107B19D87}.Debug|Any CPU.ActiveCfg = Debug|Any CPU
		{FF19B754-4077-4CFF-B4CB-C9D107B19D87}.Debug|Any CPU.Build.0 = Debug|Any CPU
		{FF19B754-4077-4CFF-B4CB-C9D107B19D87}.Release|Any CPU.ActiveCfg = Release|Any CPU
		{FF19B754-4077-4CFF-B4CB-C9D107B19D87}.Release|Any CPU.Build.0 = Release|Any CPU
		{43FA2FEE-3E77-4C22-9456-4820B6F13771}.Debug|Any CPU.ActiveCfg = Debug|Any CPU
		{43FA2FEE-3E77-4C22-9456-4820B6F13771}.Debug|Any CPU.Build.0 = Debug|Any CPU
		{43FA2FEE-3E77-4C22-9456-4820B6F13771}.Release|Any CPU.ActiveCfg = Release|Any CPU
		{43FA2FEE-3E77-4C22-9456-4820B6F13771}.Release|Any CPU.Build.0 = Release|Any CPU
		{B1EA11DF-EA44-400F-A749-2C8E301329FE}.Debug|Any CPU.ActiveCfg = Debug|Any CPU
		{B1EA11DF-EA44-400F-A749-2C8E301329FE}.Debug|Any CPU.Build.0 = Debug|Any CPU
		{B1EA11DF-EA44-400F-A749-2C8E301329FE}.Release|Any CPU.ActiveCfg = Release|Any CPU
		{B1EA11DF-EA44-400F-A749-2C8E301329FE}.Release|Any CPU.Build.0 = Release|Any CPU
		{EC2334CC-E42D-49D4-919B-74674598162B}.Debug|Any CPU.ActiveCfg = Debug|Any CPU
		{EC2334CC-E42D-49D4-919B-74674598162B}.Debug|Any CPU.Build.0 = Debug|Any CPU
		{EC2334CC-E42D-49D4-919B-74674598162B}.Release|Any CPU.ActiveCfg = Release|Any CPU
		{EC2334CC-E42D-49D4-919B-74674598162B}.Release|Any CPU.Build.0 = Release|Any CPU
		{A3F9F8AF-A1E3-4B94-A8B8-ADA503E86AE6}.Debug|Any CPU.ActiveCfg = Debug|Any CPU
		{A3F9F8AF-A1E3-4B94-A8B8-ADA503E86AE6}.Debug|Any CPU.Build.0 = Debug|Any CPU
		{A3F9F8AF-A1E3-4B94-A8B8-ADA503E86AE6}.Release|Any CPU.ActiveCfg = Release|Any CPU
		{A3F9F8AF-A1E3-4B94-A8B8-ADA503E86AE6}.Release|Any CPU.Build.0 = Release|Any CPU
		{27E4BF68-B8BD-4F61-86A3-ADEAA1FC88C3}.Debug|Any CPU.ActiveCfg = Debug|Any CPU
		{27E4BF68-B8BD-4F61-86A3-ADEAA1FC88C3}.Debug|Any CPU.Build.0 = Debug|Any CPU
		{27E4BF68-B8BD-4F61-86A3-ADEAA1FC88C3}.Release|Any CPU.ActiveCfg = Release|Any CPU
		{27E4BF68-B8BD-4F61-86A3-ADEAA1FC88C3}.Release|Any CPU.Build.0 = Release|Any CPU
	EndGlobalSection
	GlobalSection(SolutionProperties) = preSolution
		HideSolutionNode = FALSE
	EndGlobalSection
	GlobalSection(ExtensibilityGlobals) = postSolution
		SolutionGuid = {465F1BA3-0419-46B3-AE0C-39701F2F6A79}
	EndGlobalSection
EndGlobal
