<Solution>
  <Project Path="ChineseConverter/ChineseConverter.csproj"/>
  <Project Path="EdgeTTS/EdgeTTS.csproj"/>
  <Project Path="FetchDependencies/FetchDependencies.csproj"/>
  <Project Path="IINACT/IINACT.csproj"/>
  <Project Path="LatihasTTS/LatihasTTS.csproj"/>
  <Project Path="machina/Machina.FFXIV/Machina.FFXIV.csproj"/>
  <Project Path="machina/Machina/Machina.csproj"/>
  <Project Path="NotACT/NotACT.csproj"/>
  <Project Path="OverlayPlugin.Common/OverlayPlugin.Common.csproj"/>
  <Project Path="OverlayPlugin.Core/OverlayPlugin.Core.csproj"/>
  <Project Path="PostNamazu/PostNamazu.OverlayHoster/PostNamazu.OverlayHoster.csproj"/>
  <Project Path="PostNamazu/PostNamazu.TriggerHoster/PostNamazu.TriggerHoster.csproj"/>
  <Project Path="PostNamazu/PostNamazu/PostNamazu.csproj"/>
  <Project Path="SilverDasher/SilverDasher/SilverDasher.csproj"/>
  <Project Path="Triggernometry/Source/Triggernometry/TriggernometryPlugin.csproj"/>
  <Project Path="TrnDevEnv/TrnDevEnv.csproj"/>
  <Project Path="Unscrambler/Unscrambler.DataGenerator/Unscrambler.DataGenerator.csproj"/>
  <Project Path="Unscrambler/Unscrambler/Unscrambler.csproj"/>
</Solution>
